// !$*UTF8*$!
{
	archiveVersion = 1;
	classes = {
	};
	objectVersion = 46;
	objects = {

/* Begin PBXBuildFile section */
		85DF1CC21D250DE7007441E5 /* main.m in Sources */ = {isa = PBXBuildFile; fileRef = 85DF1CC11D250DE7007441E5 /* main.m */; };
		85DF1CC51D250DE7007441E5 /* AppDelegate.m in Sources */ = {isa = PBXBuildFile; fileRef = 85DF1CC41D250DE7007441E5 /* AppDelegate.m */; };
		85DF1CC81D250DE7007441E5 /* ViewController.m in Sources */ = {isa = PBXBuildFile; fileRef = 85DF1CC71D250DE7007441E5 /* ViewController.m */; };
		85DF1CCB1D250DE7007441E5 /* Main.storyboard in Resources */ = {isa = PBXBuildFile; fileRef = 85DF1CC91D250DE7007441E5 /* Main.storyboard */; };
		85DF1CCD1D250DE7007441E5 /* Assets.xcassets in Resources */ = {isa = PBXBuildFile; fileRef = 85DF1CCC1D250DE7007441E5 /* Assets.xcassets */; };
		85DF1CD01D250DE7007441E5 /* LaunchScreen.storyboard in Resources */ = {isa = PBXBuildFile; fileRef = 85DF1CCE1D250DE7007441E5 /* LaunchScreen.storyboard */; };
		85DF1CF21D251330007441E5 /* Info.plist in Resources */ = {isa = PBXBuildFile; fileRef = 85DF1CD81D251330007441E5 /* Info.plist */; };
		85DF1CF31D251330007441E5 /* MASCompositeConstraint.m in Sources */ = {isa = PBXBuildFile; fileRef = 85DF1CDA1D251330007441E5 /* MASCompositeConstraint.m */; };
		85DF1CF41D251330007441E5 /* MASConstraint.m in Sources */ = {isa = PBXBuildFile; fileRef = 85DF1CDD1D251330007441E5 /* MASConstraint.m */; };
		85DF1CF51D251330007441E5 /* MASConstraintMaker.m in Sources */ = {isa = PBXBuildFile; fileRef = 85DF1CDF1D251330007441E5 /* MASConstraintMaker.m */; };
		85DF1CF61D251330007441E5 /* MASLayoutConstraint.m in Sources */ = {isa = PBXBuildFile; fileRef = 85DF1CE11D251330007441E5 /* MASLayoutConstraint.m */; };
		85DF1CF71D251330007441E5 /* MASViewAttribute.m in Sources */ = {isa = PBXBuildFile; fileRef = 85DF1CE51D251330007441E5 /* MASViewAttribute.m */; };
		85DF1CF81D251330007441E5 /* MASViewConstraint.m in Sources */ = {isa = PBXBuildFile; fileRef = 85DF1CE71D251330007441E5 /* MASViewConstraint.m */; };
		85DF1CF91D251330007441E5 /* NSArray+MASAdditions.m in Sources */ = {isa = PBXBuildFile; fileRef = 85DF1CE91D251330007441E5 /* NSArray+MASAdditions.m */; };
		85DF1CFA1D251330007441E5 /* NSLayoutConstraint+MASDebugAdditions.m in Sources */ = {isa = PBXBuildFile; fileRef = 85DF1CEC1D251330007441E5 /* NSLayoutConstraint+MASDebugAdditions.m */; };
		85DF1CFB1D251330007441E5 /* View+MASAdditions.m in Sources */ = {isa = PBXBuildFile; fileRef = 85DF1CEE1D251330007441E5 /* View+MASAdditions.m */; };
		85DF1CFC1D251330007441E5 /* ViewController+MASAdditions.m in Sources */ = {isa = PBXBuildFile; fileRef = 85DF1CF11D251330007441E5 /* ViewController+MASAdditions.m */; };
/* End PBXBuildFile section */

/* Begin PBXFileReference section */
		85DF1CBD1D250DE7007441E5 /* Day01_3_Masonry2.app */ = {isa = PBXFileReference; explicitFileType = wrapper.application; includeInIndex = 0; path = Day01_3_Masonry2.app; sourceTree = BUILT_PRODUCTS_DIR; };
		85DF1CC11D250DE7007441E5 /* main.m */ = {isa = PBXFileReference; lastKnownFileType = sourcecode.c.objc; path = main.m; sourceTree = "<group>"; };
		85DF1CC31D250DE7007441E5 /* AppDelegate.h */ = {isa = PBXFileReference; lastKnownFileType = sourcecode.c.h; path = AppDelegate.h; sourceTree = "<group>"; };
		85DF1CC41D250DE7007441E5 /* AppDelegate.m */ = {isa = PBXFileReference; lastKnownFileType = sourcecode.c.objc; path = AppDelegate.m; sourceTree = "<group>"; };
		85DF1CC61D250DE7007441E5 /* ViewController.h */ = {isa = PBXFileReference; lastKnownFileType = sourcecode.c.h; path = ViewController.h; sourceTree = "<group>"; };
		85DF1CC71D250DE7007441E5 /* ViewController.m */ = {isa = PBXFileReference; lastKnownFileType = sourcecode.c.objc; path = ViewController.m; sourceTree = "<group>"; };
		85DF1CCA1D250DE7007441E5 /* Base */ = {isa = PBXFileReference; lastKnownFileType = file.storyboard; name = Base; path = Base.lproj/Main.storyboard; sourceTree = "<group>"; };
		85DF1CCC1D250DE7007441E5 /* Assets.xcassets */ = {isa = PBXFileReference; lastKnownFileType = folder.assetcatalog; path = Assets.xcassets; sourceTree = "<group>"; };
		85DF1CCF1D250DE7007441E5 /* Base */ = {isa = PBXFileReference; lastKnownFileType = file.storyboard; name = Base; path = Base.lproj/LaunchScreen.storyboard; sourceTree = "<group>"; };
		85DF1CD11D250DE7007441E5 /* Info.plist */ = {isa = PBXFileReference; lastKnownFileType = text.plist.xml; path = Info.plist; sourceTree = "<group>"; };
		85DF1CD81D251330007441E5 /* Info.plist */ = {isa = PBXFileReference; fileEncoding = 4; lastKnownFileType = text.plist.xml; path = Info.plist; sourceTree = "<group>"; };
		85DF1CD91D251330007441E5 /* MASCompositeConstraint.h */ = {isa = PBXFileReference; fileEncoding = 4; lastKnownFileType = sourcecode.c.h; path = MASCompositeConstraint.h; sourceTree = "<group>"; };
		85DF1CDA1D251330007441E5 /* MASCompositeConstraint.m */ = {isa = PBXFileReference; fileEncoding = 4; lastKnownFileType = sourcecode.c.objc; path = MASCompositeConstraint.m; sourceTree = "<group>"; };
		85DF1CDB1D251330007441E5 /* MASConstraint+Private.h */ = {isa = PBXFileReference; fileEncoding = 4; lastKnownFileType = sourcecode.c.h; path = "MASConstraint+Private.h"; sourceTree = "<group>"; };
		85DF1CDC1D251330007441E5 /* MASConstraint.h */ = {isa = PBXFileReference; fileEncoding = 4; lastKnownFileType = sourcecode.c.h; path = MASConstraint.h; sourceTree = "<group>"; };
		85DF1CDD1D251330007441E5 /* MASConstraint.m */ = {isa = PBXFileReference; fileEncoding = 4; lastKnownFileType = sourcecode.c.objc; path = MASConstraint.m; sourceTree = "<group>"; };
		85DF1CDE1D251330007441E5 /* MASConstraintMaker.h */ = {isa = PBXFileReference; fileEncoding = 4; lastKnownFileType = sourcecode.c.h; path = MASConstraintMaker.h; sourceTree = "<group>"; };
		85DF1CDF1D251330007441E5 /* MASConstraintMaker.m */ = {isa = PBXFileReference; fileEncoding = 4; lastKnownFileType = sourcecode.c.objc; path = MASConstraintMaker.m; sourceTree = "<group>"; };
		85DF1CE01D251330007441E5 /* MASLayoutConstraint.h */ = {isa = PBXFileReference; fileEncoding = 4; lastKnownFileType = sourcecode.c.h; path = MASLayoutConstraint.h; sourceTree = "<group>"; };
		85DF1CE11D251330007441E5 /* MASLayoutConstraint.m */ = {isa = PBXFileReference; fileEncoding = 4; lastKnownFileType = sourcecode.c.objc; path = MASLayoutConstraint.m; sourceTree = "<group>"; };
		85DF1CE21D251330007441E5 /* Masonry.h */ = {isa = PBXFileReference; fileEncoding = 4; lastKnownFileType = sourcecode.c.h; path = Masonry.h; sourceTree = "<group>"; };
		85DF1CE31D251330007441E5 /* MASUtilities.h */ = {isa = PBXFileReference; fileEncoding = 4; lastKnownFileType = sourcecode.c.h; path = MASUtilities.h; sourceTree = "<group>"; };
		85DF1CE41D251330007441E5 /* MASViewAttribute.h */ = {isa = PBXFileReference; fileEncoding = 4; lastKnownFileType = sourcecode.c.h; path = MASViewAttribute.h; sourceTree = "<group>"; };
		85DF1CE51D251330007441E5 /* MASViewAttribute.m */ = {isa = PBXFileReference; fileEncoding = 4; lastKnownFileType = sourcecode.c.objc; path = MASViewAttribute.m; sourceTree = "<group>"; };
		85DF1CE61D251330007441E5 /* MASViewConstraint.h */ = {isa = PBXFileReference; fileEncoding = 4; lastKnownFileType = sourcecode.c.h; path = MASViewConstraint.h; sourceTree = "<group>"; };
		85DF1CE71D251330007441E5 /* MASViewConstraint.m */ = {isa = PBXFileReference; fileEncoding = 4; lastKnownFileType = sourcecode.c.objc; path = MASViewConstraint.m; sourceTree = "<group>"; };
		85DF1CE81D251330007441E5 /* NSArray+MASAdditions.h */ = {isa = PBXFileReference; fileEncoding = 4; lastKnownFileType = sourcecode.c.h; path = "NSArray+MASAdditions.h"; sourceTree = "<group>"; };
		85DF1CE91D251330007441E5 /* NSArray+MASAdditions.m */ = {isa = PBXFileReference; fileEncoding = 4; lastKnownFileType = sourcecode.c.objc; path = "NSArray+MASAdditions.m"; sourceTree = "<group>"; };
		85DF1CEA1D251330007441E5 /* NSArray+MASShorthandAdditions.h */ = {isa = PBXFileReference; fileEncoding = 4; lastKnownFileType = sourcecode.c.h; path = "NSArray+MASShorthandAdditions.h"; sourceTree = "<group>"; };
		85DF1CEB1D251330007441E5 /* NSLayoutConstraint+MASDebugAdditions.h */ = {isa = PBXFileReference; fileEncoding = 4; lastKnownFileType = sourcecode.c.h; path = "NSLayoutConstraint+MASDebugAdditions.h"; sourceTree = "<group>"; };
		85DF1CEC1D251330007441E5 /* NSLayoutConstraint+MASDebugAdditions.m */ = {isa = PBXFileReference; fileEncoding = 4; lastKnownFileType = sourcecode.c.objc; path = "NSLayoutConstraint+MASDebugAdditions.m"; sourceTree = "<group>"; };
		85DF1CED1D251330007441E5 /* View+MASAdditions.h */ = {isa = PBXFileReference; fileEncoding = 4; lastKnownFileType = sourcecode.c.h; path = "View+MASAdditions.h"; sourceTree = "<group>"; };
		85DF1CEE1D251330007441E5 /* View+MASAdditions.m */ = {isa = PBXFileReference; fileEncoding = 4; lastKnownFileType = sourcecode.c.objc; path = "View+MASAdditions.m"; sourceTree = "<group>"; };
		85DF1CEF1D251330007441E5 /* View+MASShorthandAdditions.h */ = {isa = PBXFileReference; fileEncoding = 4; lastKnownFileType = sourcecode.c.h; path = "View+MASShorthandAdditions.h"; sourceTree = "<group>"; };
		85DF1CF01D251330007441E5 /* ViewController+MASAdditions.h */ = {isa = PBXFileReference; fileEncoding = 4; lastKnownFileType = sourcecode.c.h; path = "ViewController+MASAdditions.h"; sourceTree = "<group>"; };
		85DF1CF11D251330007441E5 /* ViewController+MASAdditions.m */ = {isa = PBXFileReference; fileEncoding = 4; lastKnownFileType = sourcecode.c.objc; path = "ViewController+MASAdditions.m"; sourceTree = "<group>"; };
/* End PBXFileReference section */

/* Begin PBXFrameworksBuildPhase section */
		85DF1CBA1D250DE7007441E5 /* Frameworks */ = {
			isa = PBXFrameworksBuildPhase;
			buildActionMask = 2147483647;
			files = (
			);
			runOnlyForDeploymentPostprocessing = 0;
		};
/* End PBXFrameworksBuildPhase section */

/* Begin PBXGroup section */
		85DF1CB41D250DE7007441E5 = {
			isa = PBXGroup;
			children = (
				85DF1CBF1D250DE7007441E5 /* Day01_3_Masonry2 */,
				85DF1CBE1D250DE7007441E5 /* Products */,
			);
			sourceTree = "<group>";
		};
		85DF1CBE1D250DE7007441E5 /* Products */ = {
			isa = PBXGroup;
			children = (
				85DF1CBD1D250DE7007441E5 /* Day01_3_Masonry2.app */,
			);
			name = Products;
			sourceTree = "<group>";
		};
		85DF1CBF1D250DE7007441E5 /* Day01_3_Masonry2 */ = {
			isa = PBXGroup;
			children = (
				85DF1CC31D250DE7007441E5 /* AppDelegate.h */,
				85DF1CC41D250DE7007441E5 /* AppDelegate.m */,
				85DF1CC61D250DE7007441E5 /* ViewController.h */,
				85DF1CC71D250DE7007441E5 /* ViewController.m */,
				85DF1CD71D251330007441E5 /* Masonry */,
				85DF1CC91D250DE7007441E5 /* Main.storyboard */,
				85DF1CCC1D250DE7007441E5 /* Assets.xcassets */,
				85DF1CCE1D250DE7007441E5 /* LaunchScreen.storyboard */,
				85DF1CD11D250DE7007441E5 /* Info.plist */,
				85DF1CC01D250DE7007441E5 /* Supporting Files */,
			);
			path = Day01_3_Masonry2;
			sourceTree = "<group>";
		};
		85DF1CC01D250DE7007441E5 /* Supporting Files */ = {
			isa = PBXGroup;
			children = (
				85DF1CC11D250DE7007441E5 /* main.m */,
			);
			name = "Supporting Files";
			sourceTree = "<group>";
		};
		85DF1CD71D251330007441E5 /* Masonry */ = {
			isa = PBXGroup;
			children = (
				85DF1CD81D251330007441E5 /* Info.plist */,
				85DF1CD91D251330007441E5 /* MASCompositeConstraint.h */,
				85DF1CDA1D251330007441E5 /* MASCompositeConstraint.m */,
				85DF1CDB1D251330007441E5 /* MASConstraint+Private.h */,
				85DF1CDC1D251330007441E5 /* MASConstraint.h */,
				85DF1CDD1D251330007441E5 /* MASConstraint.m */,
				85DF1CDE1D251330007441E5 /* MASConstraintMaker.h */,
				85DF1CDF1D251330007441E5 /* MASConstraintMaker.m */,
				85DF1CE01D251330007441E5 /* MASLayoutConstraint.h */,
				85DF1CE11D251330007441E5 /* MASLayoutConstraint.m */,
				85DF1CE21D251330007441E5 /* Masonry.h */,
				85DF1CE31D251330007441E5 /* MASUtilities.h */,
				85DF1CE41D251330007441E5 /* MASViewAttribute.h */,
				85DF1CE51D251330007441E5 /* MASViewAttribute.m */,
				85DF1CE61D251330007441E5 /* MASViewConstraint.h */,
				85DF1CE71D251330007441E5 /* MASViewConstraint.m */,
				85DF1CE81D251330007441E5 /* NSArray+MASAdditions.h */,
				85DF1CE91D251330007441E5 /* NSArray+MASAdditions.m */,
				85DF1CEA1D251330007441E5 /* NSArray+MASShorthandAdditions.h */,
				85DF1CEB1D251330007441E5 /* NSLayoutConstraint+MASDebugAdditions.h */,
				85DF1CEC1D251330007441E5 /* NSLayoutConstraint+MASDebugAdditions.m */,
				85DF1CED1D251330007441E5 /* View+MASAdditions.h */,
				85DF1CEE1D251330007441E5 /* View+MASAdditions.m */,
				85DF1CEF1D251330007441E5 /* View+MASShorthandAdditions.h */,
				85DF1CF01D251330007441E5 /* ViewController+MASAdditions.h */,
				85DF1CF11D251330007441E5 /* ViewController+MASAdditions.m */,
			);
			path = Masonry;
			sourceTree = "<group>";
		};
/* End PBXGroup section */

/* Begin PBXNativeTarget section */
		85DF1CBC1D250DE7007441E5 /* Day01_3_Masonry2 */ = {
			isa = PBXNativeTarget;
			buildConfigurationList = 85DF1CD41D250DE7007441E5 /* Build configuration list for PBXNativeTarget "Day01_3_Masonry2" */;
			buildPhases = (
				85DF1CB91D250DE7007441E5 /* Sources */,
				85DF1CBA1D250DE7007441E5 /* Frameworks */,
				85DF1CBB1D250DE7007441E5 /* Resources */,
			);
			buildRules = (
			);
			dependencies = (
			);
			name = Day01_3_Masonry2;
			productName = Day01_3_Masonry2;
			productReference = 85DF1CBD1D250DE7007441E5 /* Day01_3_Masonry2.app */;
			productType = "com.apple.product-type.application";
		};
/* End PBXNativeTarget section */

/* Begin PBXProject section */
		85DF1CB51D250DE7007441E5 /* Project object */ = {
			isa = PBXProject;
			attributes = {
				LastUpgradeCheck = 0710;
				ORGANIZATIONNAME = tarena;
				TargetAttributes = {
					85DF1CBC1D250DE7007441E5 = {
						CreatedOnToolsVersion = 7.1;
					};
				};
			};
			buildConfigurationList = 85DF1CB81D250DE7007441E5 /* Build configuration list for PBXProject "Day01_3_Masonry2" */;
			compatibilityVersion = "Xcode 3.2";
			developmentRegion = English;
			hasScannedForEncodings = 0;
			knownRegions = (
				en,
				Base,
			);
			mainGroup = 85DF1CB41D250DE7007441E5;
			productRefGroup = 85DF1CBE1D250DE7007441E5 /* Products */;
			projectDirPath = "";
			projectRoot = "";
			targets = (
				85DF1CBC1D250DE7007441E5 /* Day01_3_Masonry2 */,
			);
		};
/* End PBXProject section */

/* Begin PBXResourcesBuildPhase section */
		85DF1CBB1D250DE7007441E5 /* Resources */ = {
			isa = PBXResourcesBuildPhase;
			buildActionMask = 2147483647;
			files = (
				85DF1CF21D251330007441E5 /* Info.plist in Resources */,
				85DF1CD01D250DE7007441E5 /* LaunchScreen.storyboard in Resources */,
				85DF1CCD1D250DE7007441E5 /* Assets.xcassets in Resources */,
				85DF1CCB1D250DE7007441E5 /* Main.storyboard in Resources */,
			);
			runOnlyForDeploymentPostprocessing = 0;
		};
/* End PBXResourcesBuildPhase section */

/* Begin PBXSourcesBuildPhase section */
		85DF1CB91D250DE7007441E5 /* Sources */ = {
			isa = PBXSourcesBuildPhase;
			buildActionMask = 2147483647;
			files = (
				85DF1CFA1D251330007441E5 /* NSLayoutConstraint+MASDebugAdditions.m in Sources */,
				85DF1CF81D251330007441E5 /* MASViewConstraint.m in Sources */,
				85DF1CF31D251330007441E5 /* MASCompositeConstraint.m in Sources */,
				85DF1CF91D251330007441E5 /* NSArray+MASAdditions.m in Sources */,
				85DF1CC81D250DE7007441E5 /* ViewController.m in Sources */,
				85DF1CC51D250DE7007441E5 /* AppDelegate.m in Sources */,
				85DF1CF61D251330007441E5 /* MASLayoutConstraint.m in Sources */,
				85DF1CC21D250DE7007441E5 /* main.m in Sources */,
				85DF1CFC1D251330007441E5 /* ViewController+MASAdditions.m in Sources */,
				85DF1CFB1D251330007441E5 /* View+MASAdditions.m in Sources */,
				85DF1CF71D251330007441E5 /* MASViewAttribute.m in Sources */,
				85DF1CF41D251330007441E5 /* MASConstraint.m in Sources */,
				85DF1CF51D251330007441E5 /* MASConstraintMaker.m in Sources */,
			);
			runOnlyForDeploymentPostprocessing = 0;
		};
/* End PBXSourcesBuildPhase section */

/* Begin PBXVariantGroup section */
		85DF1CC91D250DE7007441E5 /* Main.storyboard */ = {
			isa = PBXVariantGroup;
			children = (
				85DF1CCA1D250DE7007441E5 /* Base */,
			);
			name = Main.storyboard;
			sourceTree = "<group>";
		};
		85DF1CCE1D250DE7007441E5 /* LaunchScreen.storyboard */ = {
			isa = PBXVariantGroup;
			children = (
				85DF1CCF1D250DE7007441E5 /* Base */,
			);
			name = LaunchScreen.storyboard;
			sourceTree = "<group>";
		};
/* End PBXVariantGroup section */

/* Begin XCBuildConfiguration section */
		85DF1CD21D250DE7007441E5 /* Debug */ = {
			isa = XCBuildConfiguration;
			buildSettings = {
				ALWAYS_SEARCH_USER_PATHS = NO;
				CLANG_CXX_LANGUAGE_STANDARD = "gnu++0x";
				CLANG_CXX_LIBRARY = "libc++";
				CLANG_ENABLE_MODULES = YES;
				CLANG_ENABLE_OBJC_ARC = YES;
				CLANG_WARN_BOOL_CONVERSION = YES;
				CLANG_WARN_CONSTANT_CONVERSION = YES;
				CLANG_WARN_DIRECT_OBJC_ISA_USAGE = YES_ERROR;
				CLANG_WARN_EMPTY_BODY = YES;
				CLANG_WARN_ENUM_CONVERSION = YES;
				CLANG_WARN_INT_CONVERSION = YES;
				CLANG_WARN_OBJC_ROOT_CLASS = YES_ERROR;
				CLANG_WARN_UNREACHABLE_CODE = YES;
				CLANG_WARN__DUPLICATE_METHOD_MATCH = YES;
				"CODE_SIGN_IDENTITY[sdk=iphoneos*]" = "iPhone Developer";
				COPY_PHASE_STRIP = NO;
				DEBUG_INFORMATION_FORMAT = dwarf;
				ENABLE_STRICT_OBJC_MSGSEND = YES;
				ENABLE_TESTABILITY = YES;
				GCC_C_LANGUAGE_STANDARD = gnu99;
				GCC_DYNAMIC_NO_PIC = NO;
				GCC_NO_COMMON_BLOCKS = YES;
				GCC_OPTIMIZATION_LEVEL = 0;
				GCC_PREPROCESSOR_DEFINITIONS = (
					"DEBUG=1",
					"$(inherited)",
				);
				GCC_WARN_64_TO_32_BIT_CONVERSION = YES;
				GCC_WARN_ABOUT_RETURN_TYPE = YES_ERROR;
				GCC_WARN_UNDECLARED_SELECTOR = YES;
				GCC_WARN_UNINITIALIZED_AUTOS = YES_AGGRESSIVE;
				GCC_WARN_UNUSED_FUNCTION = YES;
				GCC_WARN_UNUSED_VARIABLE = YES;
				IPHONEOS_DEPLOYMENT_TARGET = 9.1;
				MTL_ENABLE_DEBUG_INFO = YES;
				ONLY_ACTIVE_ARCH = YES;
				SDKROOT = iphoneos;
			};
			name = Debug;
		};
		85DF1CD31D250DE7007441E5 /* Release */ = {
			isa = XCBuildConfiguration;
			buildSettings = {
				ALWAYS_SEARCH_USER_PATHS = NO;
				CLANG_CXX_LANGUAGE_STANDARD = "gnu++0x";
				CLANG_CXX_LIBRARY = "libc++";
				CLANG_ENABLE_MODULES = YES;
				CLANG_ENABLE_OBJC_ARC = YES;
				CLANG_WARN_BOOL_CONVERSION = YES;
				CLANG_WARN_CONSTANT_CONVERSION = YES;
				CLANG_WARN_DIRECT_OBJC_ISA_USAGE = YES_ERROR;
				CLANG_WARN_EMPTY_BODY = YES;
				CLANG_WARN_ENUM_CONVERSION = YES;
				CLANG_WARN_INT_CONVERSION = YES;
				CLANG_WARN_OBJC_ROOT_CLASS = YES_ERROR;
				CLANG_WARN_UNREACHABLE_CODE = YES;
				CLANG_WARN__DUPLICATE_METHOD_MATCH = YES;
				"CODE_SIGN_IDENTITY[sdk=iphoneos*]" = "iPhone Developer";
				COPY_PHASE_STRIP = NO;
				DEBUG_INFORMATION_FORMAT = "dwarf-with-dsym";
				ENABLE_NS_ASSERTIONS = NO;
				ENABLE_STRICT_OBJC_MSGSEND = YES;
				GCC_C_LANGUAGE_STANDARD = gnu99;
				GCC_NO_COMMON_BLOCKS = YES;
				GCC_WARN_64_TO_32_BIT_CONVERSION = YES;
				GCC_WARN_ABOUT_RETURN_TYPE = YES_ERROR;
				GCC_WARN_UNDECLARED_SELECTOR = YES;
				GCC_WARN_UNINITIALIZED_AUTOS = YES_AGGRESSIVE;
				GCC_WARN_UNUSED_FUNCTION = YES;
				GCC_WARN_UNUSED_VARIABLE = YES;
				IPHONEOS_DEPLOYMENT_TARGET = 9.1;
				MTL_ENABLE_DEBUG_INFO = NO;
				SDKROOT = iphoneos;
				VALIDATE_PRODUCT = YES;
			};
			name = Release;
		};
		85DF1CD51D250DE7007441E5 /* Debug */ = {
			isa = XCBuildConfiguration;
			buildSettings = {
				ASSETCATALOG_COMPILER_APPICON_NAME = AppIcon;
				INFOPLIST_FILE = Day01_3_Masonry2/Info.plist;
				LD_RUNPATH_SEARCH_PATHS = "$(inherited) @executable_path/Frameworks";
				PRODUCT_BUNDLE_IDENTIFIER = "cn.tedu.Day01-3-Masonry2";
				PRODUCT_NAME = "$(TARGET_NAME)";
			};
			name = Debug;
		};
		85DF1CD61D250DE7007441E5 /* Release */ = {
			isa = XCBuildConfiguration;
			buildSettings = {
				ASSETCATALOG_COMPILER_APPICON_NAME = AppIcon;
				INFOPLIST_FILE = Day01_3_Masonry2/Info.plist;
				LD_RUNPATH_SEARCH_PATHS = "$(inherited) @executable_path/Frameworks";
				PRODUCT_BUNDLE_IDENTIFIER = "cn.tedu.Day01-3-Masonry2";
				PRODUCT_NAME = "$(TARGET_NAME)";
			};
			name = Release;
		};
/* End XCBuildConfiguration section */

/* Begin XCConfigurationList section */
		85DF1CB81D250DE7007441E5 /* Build configuration list for PBXProject "Day01_3_Masonry2" */ = {
			isa = XCConfigurationList;
			buildConfigurations = (
				85DF1CD21D250DE7007441E5 /* Debug */,
				85DF1CD31D250DE7007441E5 /* Release */,
			);
			defaultConfigurationIsVisible = 0;
			defaultConfigurationName = Release;
		};
		85DF1CD41D250DE7007441E5 /* Build configuration list for PBXNativeTarget "Day01_3_Masonry2" */ = {
			isa = XCConfigurationList;
			buildConfigurations = (
				85DF1CD51D250DE7007441E5 /* Debug */,
				85DF1CD61D250DE7007441E5 /* Release */,
			);
			defaultConfigurationIsVisible = 0;
		};
/* End XCConfigurationList section */
	};
	rootObject = 85DF1CB51D250DE7007441E5 /* Project object */;
}
